
Microsoft Visual Studio Solution File, Format Version 12.00
# Visual Studio Version 16
VisualStudioVersion = 16.0.31105.61
MinimumVisualStudioVersion = 10.0.40219.1
Project("{FAE04EC0-301F-11D3-BF4B-00C04F79EFBC}") = "Stack.TemplateBase.Api", "src\Stack.TemplateBase.Api\Stack.TemplateBase.Api.csproj", "{C0FDB78B-7DC3-414D-809B-92ACFBCEDAC8}"
EndProject
Global
	GlobalSection(SolutionConfigurationPlatforms) = preSolution
		Debug|Any CPU = Debug|Any CPU
		Release|Any CPU = Release|Any CPU
	EndGlobalSection
	GlobalSection(ProjectConfigurationPlatforms) = postSolution
		{C0FDB78B-7DC3-414D-809B-92ACFBCEDAC8}.Debug|Any CPU.ActiveCfg = Debug|Any CPU
		{C0FDB78B-7DC3-414D-809B-92ACFBCEDAC8}.Debug|Any CPU.Build.0 = Debug|Any CPU
		{C0FDB78B-7DC3-414D-809B-92ACFBCEDAC8}.Release|Any CPU.ActiveCfg = Release|Any CPU
		{C0FDB78B-7DC3-414D-809B-92ACFBCEDAC8}.Release|Any CPU.Build.0 = Release|Any CPU
	EndGlobalSection
	GlobalSection(SolutionProperties) = preSolution
		HideSolutionNode = FALSE
	EndGlobalSection
	GlobalSection(ExtensibilityGlobals) = postSolution
		SolutionGuid = {3F02E580-7E44-4CE8-B3A6-DCA99639DFC8}
	EndGlobalSection
EndGlobal
